
Microsoft Visual Studio Solution File, Format Version 12.00
# Visual Studio Version 16
VisualStudioVersion = 16.0.809.7
MinimumVisualStudioVersion = 10.0.40219.1
Project("{2150E333-8FDC-42A3-9474-1A3956D46DE8}") = "Productos", "Productos", "{ED581DFC-043A-48DD-B3B9-4771C07BE8C1}"
EndProject
Project("{9A19103F-16F7-4668-BE54-9A1E7A4F7556}") = "ProductosApi", "ProductosApi\ProductosApi.csproj", "{D49762DB-2A2D-444D-B2B3-B89C84F7BF26}"
EndProject
Project("{9A19103F-16F7-4668-BE54-9A1E7A4F7556}") = "ProductosCore", "ProductosCore\ProductosCore.csproj", "{ACD8B3D2-29E4-42A9-B18E-7B39DE71EB67}"
EndProject
Project("{9A19103F-16F7-4668-BE54-9A1E7A4F7556}") = "ProductosInfraestructure", "ProductosInfraestructure\ProductosInfraestructure.csproj", "{6C0A554F-503F-4E4B-ADC0-8B6D491FA8F1}"
EndProject
Project("{9A19103F-16F7-4668-BE54-9A1E7A4F7556}") = "ProductosCommon", "ProductosCommon\ProductosCommon.csproj", "{5E1E3B8A-0CE5-4543-9564-7FF6D76E1E7B}"
EndProject
Project("{2150E333-8FDC-42A3-9474-1A3956D46DE8}") = "Fabricantes", "Fabricantes", "{326C2E52-4EDD-486F-921C-327B3C8CF48A}"
EndProject
Project("{2150E333-8FDC-42A3-9474-1A3956D46DE8}") = "Clientes", "Clientes", "{5C50B11D-BD90-49D1-B8E1-EAB9D9332ECF}"
EndProject
Project("{FAE04EC0-301F-11D3-BF4B-00C04F79EFBC}") = "FabricantesInfraestructure", "FabricantesInfraestructure\FabricantesInfraestructure.csproj", "{FF24A134-7468-4414-AE47-E76B263914CA}"
EndProject
Project("{FAE04EC0-301F-11D3-BF4B-00C04F79EFBC}") = "FabricantesCore", "FabricantesCore\FabricantesCore.csproj", "{1181F8E8-6A7E-406F-A939-5FDD63B16D30}"
EndProject
Project("{FAE04EC0-301F-11D3-BF4B-00C04F79EFBC}") = "FabricantesCommon", "FabricantesCommon\FabricantesCommon.csproj", "{CA862899-E97B-4B83-8AFD-C9A20E4D49EE}"
EndProject
Project("{FAE04EC0-301F-11D3-BF4B-00C04F79EFBC}") = "FabricantesApi", "FabricantesApi\FabricantesApi.csproj", "{DE6F08AB-5A45-4329-9FF0-0B01317A9966}"
EndProject
Project("{FAE04EC0-301F-11D3-BF4B-00C04F79EFBC}") = "ClientesInfraestructure", "ClientesInfraestructure\ClientesInfraestructure.csproj", "{35773936-0506-4F84-9FDE-E69BBBD0BC47}"
EndProject
Project("{FAE04EC0-301F-11D3-BF4B-00C04F79EFBC}") = "ClientesCore", "ClientesCore\ClientesCore.csproj", "{86206CD6-8895-43D0-8B5C-2E1F17C4778A}"
EndProject
Project("{FAE04EC0-301F-11D3-BF4B-00C04F79EFBC}") = "ClientesCommon", "ClientesCommon\ClientesCommon.csproj", "{97203CE9-BF82-4305-BD25-2545A592DF8A}"
EndProject
Project("{FAE04EC0-301F-11D3-BF4B-00C04F79EFBC}") = "ClientesApi", "ClientesApi\ClientesApi.csproj", "{F099D6C8-87E2-48A6-98F6-766314228EC6}"
EndProject
Project("{2150E333-8FDC-42A3-9474-1A3956D46DE8}") = "Utilitarios", "Utilitarios", "{B8D1F997-F5BD-439F-ACDC-C548BA46C4D8}"
EndProject
Project("{FAE04EC0-301F-11D3-BF4B-00C04F79EFBC}") = "UtilitariosCore", "UtilitariosCore\UtilitariosCore.csproj", "{51C97F64-8143-431C-B4E7-7F04826F80E0}"
EndProject
Project("{FAE04EC0-301F-11D3-BF4B-00C04F79EFBC}") = "UtilitariosInfraestructure", "UtilitariosInfraestructure\UtilitariosInfraestructure.csproj", "{2DB45635-D90F-4A9D-8202-77497072D169}"
EndProject
Project("{FAE04EC0-301F-11D3-BF4B-00C04F79EFBC}") = "UtilitariosCommon", "UtilitariosCommon\UtilitariosCommon.csproj", "{ADF5A908-4E10-48F5-BEE5-7B66F9FFDBD7}"
EndProject
Project("{FAE04EC0-301F-11D3-BF4B-00C04F79EFBC}") = "UtilitariosTraductor", "UtilitariosTraductor\UtilitariosTraductor.csproj", "{C6C78D85-FB29-4C28-8068-17DC2BDEB851}"
EndProject
Project("{FAE04EC0-301F-11D3-BF4B-00C04F79EFBC}") = "UtilitariosConexion", "UtilitariosConexion\UtilitariosConexion.csproj", "{F9D65761-1D9C-4029-9D8C-907BE66F41B9}"
EndProject
Global
	GlobalSection(SolutionConfigurationPlatforms) = preSolution
		Debug|Any CPU = Debug|Any CPU
		Release|Any CPU = Release|Any CPU
	EndGlobalSection
	GlobalSection(ProjectConfigurationPlatforms) = postSolution
		{D49762DB-2A2D-444D-B2B3-B89C84F7BF26}.Debug|Any CPU.ActiveCfg = Debug|Any CPU
		{D49762DB-2A2D-444D-B2B3-B89C84F7BF26}.Debug|Any CPU.Build.0 = Debug|Any CPU
		{D49762DB-2A2D-444D-B2B3-B89C84F7BF26}.Release|Any CPU.ActiveCfg = Release|Any CPU
		{D49762DB-2A2D-444D-B2B3-B89C84F7BF26}.Release|Any CPU.Build.0 = Release|Any CPU
		{ACD8B3D2-29E4-42A9-B18E-7B39DE71EB67}.Debug|Any CPU.ActiveCfg = Debug|Any CPU
		{ACD8B3D2-29E4-42A9-B18E-7B39DE71EB67}.Debug|Any CPU.Build.0 = Debug|Any CPU
		{ACD8B3D2-29E4-42A9-B18E-7B39DE71EB67}.Release|Any CPU.ActiveCfg = Release|Any CPU
		{ACD8B3D2-29E4-42A9-B18E-7B39DE71EB67}.Release|Any CPU.Build.0 = Release|Any CPU
		{6C0A554F-503F-4E4B-ADC0-8B6D491FA8F1}.Debug|Any CPU.ActiveCfg = Debug|Any CPU
		{6C0A554F-503F-4E4B-ADC0-8B6D491FA8F1}.Debug|Any CPU.Build.0 = Debug|Any CPU
		{6C0A554F-503F-4E4B-ADC0-8B6D491FA8F1}.Release|Any CPU.ActiveCfg = Release|Any CPU
		{6C0A554F-503F-4E4B-ADC0-8B6D491FA8F1}.Release|Any CPU.Build.0 = Release|Any CPU
		{5E1E3B8A-0CE5-4543-9564-7FF6D76E1E7B}.Debug|Any CPU.ActiveCfg = Debug|Any CPU
		{5E1E3B8A-0CE5-4543-9564-7FF6D76E1E7B}.Debug|Any CPU.Build.0 = Debug|Any CPU
		{5E1E3B8A-0CE5-4543-9564-7FF6D76E1E7B}.Release|Any CPU.ActiveCfg = Release|Any CPU
		{5E1E3B8A-0CE5-4543-9564-7FF6D76E1E7B}.Release|Any CPU.Build.0 = Release|Any CPU
		{FF24A134-7468-4414-AE47-E76B263914CA}.Debug|Any CPU.ActiveCfg = Debug|Any CPU
		{FF24A134-7468-4414-AE47-E76B263914CA}.Debug|Any CPU.Build.0 = Debug|Any CPU
		{FF24A134-7468-4414-AE47-E76B263914CA}.Release|Any CPU.ActiveCfg = Release|Any CPU
		{FF24A134-7468-4414-AE47-E76B263914CA}.Release|Any CPU.Build.0 = Release|Any CPU
		{1181F8E8-6A7E-406F-A939-5FDD63B16D30}.Debug|Any CPU.ActiveCfg = Debug|Any CPU
		{1181F8E8-6A7E-406F-A939-5FDD63B16D30}.Debug|Any CPU.Build.0 = Debug|Any CPU
		{1181F8E8-6A7E-406F-A939-5FDD63B16D30}.Release|Any CPU.ActiveCfg = Release|Any CPU
		{1181F8E8-6A7E-406F-A939-5FDD63B16D30}.Release|Any CPU.Build.0 = Release|Any CPU
		{CA862899-E97B-4B83-8AFD-C9A20E4D49EE}.Debug|Any CPU.ActiveCfg = Debug|Any CPU
		{CA862899-E97B-4B83-8AFD-C9A20E4D49EE}.Debug|Any CPU.Build.0 = Debug|Any CPU
		{CA862899-E97B-4B83-8AFD-C9A20E4D49EE}.Release|Any CPU.ActiveCfg = Release|Any CPU
		{CA862899-E97B-4B83-8AFD-C9A20E4D49EE}.Release|Any CPU.Build.0 = Release|Any CPU
		{DE6F08AB-5A45-4329-9FF0-0B01317A9966}.Debug|Any CPU.ActiveCfg = Debug|Any CPU
		{DE6F08AB-5A45-4329-9FF0-0B01317A9966}.Debug|Any CPU.Build.0 = Debug|Any CPU
		{DE6F08AB-5A45-4329-9FF0-0B01317A9966}.Release|Any CPU.ActiveCfg = Release|Any CPU
		{DE6F08AB-5A45-4329-9FF0-0B01317A9966}.Release|Any CPU.Build.0 = Release|Any CPU
		{35773936-0506-4F84-9FDE-E69BBBD0BC47}.Debug|Any CPU.ActiveCfg = Debug|Any CPU
		{35773936-0506-4F84-9FDE-E69BBBD0BC47}.Debug|Any CPU.Build.0 = Debug|Any CPU
		{35773936-0506-4F84-9FDE-E69BBBD0BC47}.Release|Any CPU.ActiveCfg = Release|Any CPU
		{35773936-0506-4F84-9FDE-E69BBBD0BC47}.Release|Any CPU.Build.0 = Release|Any CPU
		{86206CD6-8895-43D0-8B5C-2E1F17C4778A}.Debug|Any CPU.ActiveCfg = Debug|Any CPU
		{86206CD6-8895-43D0-8B5C-2E1F17C4778A}.Debug|Any CPU.Build.0 = Debug|Any CPU
		{86206CD6-8895-43D0-8B5C-2E1F17C4778A}.Release|Any CPU.ActiveCfg = Release|Any CPU
		{86206CD6-8895-43D0-8B5C-2E1F17C4778A}.Release|Any CPU.Build.0 = Release|Any CPU
		{97203CE9-BF82-4305-BD25-2545A592DF8A}.Debug|Any CPU.ActiveCfg = Debug|Any CPU
		{97203CE9-BF82-4305-BD25-2545A592DF8A}.Debug|Any CPU.Build.0 = Debug|Any CPU
		{97203CE9-BF82-4305-BD25-2545A592DF8A}.Release|Any CPU.ActiveCfg = Release|Any CPU
		{97203CE9-BF82-4305-BD25-2545A592DF8A}.Release|Any CPU.Build.0 = Release|Any CPU
		{F099D6C8-87E2-48A6-98F6-766314228EC6}.Debug|Any CPU.ActiveCfg = Debug|Any CPU
		{F099D6C8-87E2-48A6-98F6-766314228EC6}.Debug|Any CPU.Build.0 = Debug|Any CPU
		{F099D6C8-87E2-48A6-98F6-766314228EC6}.Release|Any CPU.ActiveCfg = Release|Any CPU
		{F099D6C8-87E2-48A6-98F6-766314228EC6}.Release|Any CPU.Build.0 = Release|Any CPU
		{51C97F64-8143-431C-B4E7-7F04826F80E0}.Debug|Any CPU.ActiveCfg = Debug|Any CPU
		{51C97F64-8143-431C-B4E7-7F04826F80E0}.Debug|Any CPU.Build.0 = Debug|Any CPU
		{51C97F64-8143-431C-B4E7-7F04826F80E0}.Release|Any CPU.ActiveCfg = Release|Any CPU
		{51C97F64-8143-431C-B4E7-7F04826F80E0}.Release|Any CPU.Build.0 = Release|Any CPU
		{2DB45635-D90F-4A9D-8202-77497072D169}.Debug|Any CPU.ActiveCfg = Debug|Any CPU
		{2DB45635-D90F-4A9D-8202-77497072D169}.Debug|Any CPU.Build.0 = Debug|Any CPU
		{2DB45635-D90F-4A9D-8202-77497072D169}.Release|Any CPU.ActiveCfg = Release|Any CPU
		{2DB45635-D90F-4A9D-8202-77497072D169}.Release|Any CPU.Build.0 = Release|Any CPU
		{ADF5A908-4E10-48F5-BEE5-7B66F9FFDBD7}.Debug|Any CPU.ActiveCfg = Debug|Any CPU
		{ADF5A908-4E10-48F5-BEE5-7B66F9FFDBD7}.Debug|Any CPU.Build.0 = Debug|Any CPU
		{ADF5A908-4E10-48F5-BEE5-7B66F9FFDBD7}.Release|Any CPU.ActiveCfg = Release|Any CPU
		{ADF5A908-4E10-48F5-BEE5-7B66F9FFDBD7}.Release|Any CPU.Build.0 = Release|Any CPU
		{C6C78D85-FB29-4C28-8068-17DC2BDEB851}.Debug|Any CPU.ActiveCfg = Debug|Any CPU
		{C6C78D85-FB29-4C28-8068-17DC2BDEB851}.Debug|Any CPU.Build.0 = Debug|Any CPU
		{C6C78D85-FB29-4C28-8068-17DC2BDEB851}.Release|Any CPU.ActiveCfg = Release|Any CPU
		{C6C78D85-FB29-4C28-8068-17DC2BDEB851}.Release|Any CPU.Build.0 = Release|Any CPU
		{F9D65761-1D9C-4029-9D8C-907BE66F41B9}.Debug|Any CPU.ActiveCfg = Debug|Any CPU
		{F9D65761-1D9C-4029-9D8C-907BE66F41B9}.Debug|Any CPU.Build.0 = Debug|Any CPU
		{F9D65761-1D9C-4029-9D8C-907BE66F41B9}.Release|Any CPU.ActiveCfg = Release|Any CPU
		{F9D65761-1D9C-4029-9D8C-907BE66F41B9}.Release|Any CPU.Build.0 = Release|Any CPU
	EndGlobalSection
	GlobalSection(SolutionProperties) = preSolution
		HideSolutionNode = FALSE
	EndGlobalSection
	GlobalSection(NestedProjects) = preSolution
		{D49762DB-2A2D-444D-B2B3-B89C84F7BF26} = {ED581DFC-043A-48DD-B3B9-4771C07BE8C1}
		{ACD8B3D2-29E4-42A9-B18E-7B39DE71EB67} = {ED581DFC-043A-48DD-B3B9-4771C07BE8C1}
		{6C0A554F-503F-4E4B-ADC0-8B6D491FA8F1} = {ED581DFC-043A-48DD-B3B9-4771C07BE8C1}
		{5E1E3B8A-0CE5-4543-9564-7FF6D76E1E7B} = {ED581DFC-043A-48DD-B3B9-4771C07BE8C1}
		{FF24A134-7468-4414-AE47-E76B263914CA} = {326C2E52-4EDD-486F-921C-327B3C8CF48A}
		{1181F8E8-6A7E-406F-A939-5FDD63B16D30} = {326C2E52-4EDD-486F-921C-327B3C8CF48A}
		{CA862899-E97B-4B83-8AFD-C9A20E4D49EE} = {326C2E52-4EDD-486F-921C-327B3C8CF48A}
		{DE6F08AB-5A45-4329-9FF0-0B01317A9966} = {326C2E52-4EDD-486F-921C-327B3C8CF48A}
		{35773936-0506-4F84-9FDE-E69BBBD0BC47} = {5C50B11D-BD90-49D1-B8E1-EAB9D9332ECF}
		{86206CD6-8895-43D0-8B5C-2E1F17C4778A} = {5C50B11D-BD90-49D1-B8E1-EAB9D9332ECF}
		{97203CE9-BF82-4305-BD25-2545A592DF8A} = {5C50B11D-BD90-49D1-B8E1-EAB9D9332ECF}
		{F099D6C8-87E2-48A6-98F6-766314228EC6} = {5C50B11D-BD90-49D1-B8E1-EAB9D9332ECF}
		{51C97F64-8143-431C-B4E7-7F04826F80E0} = {B8D1F997-F5BD-439F-ACDC-C548BA46C4D8}
		{2DB45635-D90F-4A9D-8202-77497072D169} = {B8D1F997-F5BD-439F-ACDC-C548BA46C4D8}
		{ADF5A908-4E10-48F5-BEE5-7B66F9FFDBD7} = {B8D1F997-F5BD-439F-ACDC-C548BA46C4D8}
		{C6C78D85-FB29-4C28-8068-17DC2BDEB851} = {B8D1F997-F5BD-439F-ACDC-C548BA46C4D8}
		{F9D65761-1D9C-4029-9D8C-907BE66F41B9} = {B8D1F997-F5BD-439F-ACDC-C548BA46C4D8}
	EndGlobalSection
	GlobalSection(ExtensibilityGlobals) = postSolution
		SolutionGuid = {CAFD9A86-9439-4DE8-89E5-367A0465A8E0}
	EndGlobalSection
EndGlobal
