
Microsoft Visual Studio Solution File, Format Version 12.00
# Visual Studio Version 16
VisualStudioVersion = 16.0.809.7
MinimumVisualStudioVersion = 10.0.40219.1
Project("{2150E333-8FDC-42A3-9474-1A3956D46DE8}") = "Productos", "Productos", "{ED581DFC-043A-48DD-B3B9-4771C07BE8C1}"
EndProject
Project("{9A19103F-16F7-4668-BE54-9A1E7A4F7556}") = "ProductosApi", "ProductosApi\ProductosApi.csproj", "{D49762DB-2A2D-444D-B2B3-B89C84F7BF26}"
EndProject
Project("{9A19103F-16F7-4668-BE54-9A1E7A4F7556}") = "ProductosCore", "ProductosCore\ProductosCore.csproj", "{ACD8B3D2-29E4-42A9-B18E-7B39DE71EB67}"
EndProject
Project("{9A19103F-16F7-4668-BE54-9A1E7A4F7556}") = "ProductosInfraestructure", "ProductosInfraestructure\ProductosInfraestructure.csproj", "{6C0A554F-503F-4E4B-ADC0-8B6D491FA8F1}"
EndProject
Project("{2150E333-8FDC-42A3-9474-1A3956D46DE8}") = "Proveedores", "Proveedores", "{326C2E52-4EDD-486F-921C-327B3C8CF48A}"
EndProject
Project("{2150E333-8FDC-42A3-9474-1A3956D46DE8}") = "Clientes", "Clientes", "{5C50B11D-BD90-49D1-B8E1-EAB9D9332ECF}"
EndProject
Project("{9A19103F-16F7-4668-BE54-9A1E7A4F7556}") = "ClientesInfraestructure", "ClientesInfraestructure\ClientesInfraestructure.csproj", "{35773936-0506-4F84-9FDE-E69BBBD0BC47}"
EndProject
Project("{9A19103F-16F7-4668-BE54-9A1E7A4F7556}") = "ClientesCore", "ClientesCore\ClientesCore.csproj", "{86206CD6-8895-43D0-8B5C-2E1F17C4778A}"
EndProject
Project("{9A19103F-16F7-4668-BE54-9A1E7A4F7556}") = "ClientesCommon", "ClientesCommon\ClientesCommon.csproj", "{97203CE9-BF82-4305-BD25-2545A592DF8A}"
EndProject
Project("{9A19103F-16F7-4668-BE54-9A1E7A4F7556}") = "ClientesApi", "ClientesApi\ClientesApi.csproj", "{F099D6C8-87E2-48A6-98F6-766314228EC6}"
EndProject
Project("{2150E333-8FDC-42A3-9474-1A3956D46DE8}") = "Utilitarios", "Utilitarios", "{B8D1F997-F5BD-439F-ACDC-C548BA46C4D8}"
EndProject
Project("{2150E333-8FDC-42A3-9474-1A3956D46DE8}") = "Traslator", "Traslator", "{38649155-5330-4399-8628-F6D2E1B9FB9B}"
EndProject
Project("{2150E333-8FDC-42A3-9474-1A3956D46DE8}") = "Conexiones", "Conexiones", "{3F72F996-FEAB-413F-9127-EBA177C636E4}"
EndProject
Project("{9A19103F-16F7-4668-BE54-9A1E7A4F7556}") = "RESTConector", "RESTConector\RESTConector.csproj", "{EA1E8202-8617-487A-A85F-6FF87521D782}"
EndProject
Project("{9A19103F-16F7-4668-BE54-9A1E7A4F7556}") = "SOAPConector", "SOAPConector\SOAPConector.csproj", "{0D5E7F70-95D8-4DF5-8B0B-B98B71DB4500}"
EndProject
Project("{9A19103F-16F7-4668-BE54-9A1E7A4F7556}") = "TraslatorXSLT", "TraslatorXSLT\TraslatorXSLT.csproj", "{F3A4B96E-C133-491E-85E9-64DA71B63896}"
EndProject
Project("{9A19103F-16F7-4668-BE54-9A1E7A4F7556}") = "TraslatorJSLT", "TraslatorJSLT\TraslatorJSLT.csproj", "{14525035-F44A-43C7-8DCB-FF8C35E58442}"
EndProject
Project("{9A19103F-16F7-4668-BE54-9A1E7A4F7556}") = "ProveedoresInfraestructure", "ProveedoresInfraestructure\ProveedoresInfraestructure.csproj", "{F8C51A13-F5C1-4588-BA71-27E4379F293E}"
EndProject
Project("{9A19103F-16F7-4668-BE54-9A1E7A4F7556}") = "ProveedoresCore", "ProveedoresCore\ProveedoresCore.csproj", "{F05F25CB-7DF6-4401-84DC-73818799976A}"
EndProject
Project("{9A19103F-16F7-4668-BE54-9A1E7A4F7556}") = "ProveedoresCommon", "ProveedoresCommon\ProveedoresCommon.csproj", "{9A27245E-EE83-432C-A319-014EC128A2EE}"
EndProject
Project("{9A19103F-16F7-4668-BE54-9A1E7A4F7556}") = "ProveedoresApi", "ProveedoresApi\ProveedoresApi.csproj", "{8664C89D-F95E-4310-B415-9736BEF6908F}"
EndProject
Global
	GlobalSection(SolutionConfigurationPlatforms) = preSolution
		Debug|Any CPU = Debug|Any CPU
		Release|Any CPU = Release|Any CPU
	EndGlobalSection
	GlobalSection(ProjectConfigurationPlatforms) = postSolution
		{D49762DB-2A2D-444D-B2B3-B89C84F7BF26}.Debug|Any CPU.ActiveCfg = Debug|Any CPU
		{D49762DB-2A2D-444D-B2B3-B89C84F7BF26}.Debug|Any CPU.Build.0 = Debug|Any CPU
		{D49762DB-2A2D-444D-B2B3-B89C84F7BF26}.Release|Any CPU.ActiveCfg = Release|Any CPU
		{D49762DB-2A2D-444D-B2B3-B89C84F7BF26}.Release|Any CPU.Build.0 = Release|Any CPU
		{ACD8B3D2-29E4-42A9-B18E-7B39DE71EB67}.Debug|Any CPU.ActiveCfg = Debug|Any CPU
		{ACD8B3D2-29E4-42A9-B18E-7B39DE71EB67}.Debug|Any CPU.Build.0 = Debug|Any CPU
		{ACD8B3D2-29E4-42A9-B18E-7B39DE71EB67}.Release|Any CPU.ActiveCfg = Release|Any CPU
		{ACD8B3D2-29E4-42A9-B18E-7B39DE71EB67}.Release|Any CPU.Build.0 = Release|Any CPU
		{6C0A554F-503F-4E4B-ADC0-8B6D491FA8F1}.Debug|Any CPU.ActiveCfg = Debug|Any CPU
		{6C0A554F-503F-4E4B-ADC0-8B6D491FA8F1}.Debug|Any CPU.Build.0 = Debug|Any CPU
		{6C0A554F-503F-4E4B-ADC0-8B6D491FA8F1}.Release|Any CPU.ActiveCfg = Release|Any CPU
		{6C0A554F-503F-4E4B-ADC0-8B6D491FA8F1}.Release|Any CPU.Build.0 = Release|Any CPU
		{35773936-0506-4F84-9FDE-E69BBBD0BC47}.Debug|Any CPU.ActiveCfg = Debug|Any CPU
		{35773936-0506-4F84-9FDE-E69BBBD0BC47}.Debug|Any CPU.Build.0 = Debug|Any CPU
		{35773936-0506-4F84-9FDE-E69BBBD0BC47}.Release|Any CPU.ActiveCfg = Release|Any CPU
		{35773936-0506-4F84-9FDE-E69BBBD0BC47}.Release|Any CPU.Build.0 = Release|Any CPU
		{86206CD6-8895-43D0-8B5C-2E1F17C4778A}.Debug|Any CPU.ActiveCfg = Debug|Any CPU
		{86206CD6-8895-43D0-8B5C-2E1F17C4778A}.Debug|Any CPU.Build.0 = Debug|Any CPU
		{86206CD6-8895-43D0-8B5C-2E1F17C4778A}.Release|Any CPU.ActiveCfg = Release|Any CPU
		{86206CD6-8895-43D0-8B5C-2E1F17C4778A}.Release|Any CPU.Build.0 = Release|Any CPU
		{97203CE9-BF82-4305-BD25-2545A592DF8A}.Debug|Any CPU.ActiveCfg = Debug|Any CPU
		{97203CE9-BF82-4305-BD25-2545A592DF8A}.Debug|Any CPU.Build.0 = Debug|Any CPU
		{97203CE9-BF82-4305-BD25-2545A592DF8A}.Release|Any CPU.ActiveCfg = Release|Any CPU
		{97203CE9-BF82-4305-BD25-2545A592DF8A}.Release|Any CPU.Build.0 = Release|Any CPU
		{F099D6C8-87E2-48A6-98F6-766314228EC6}.Debug|Any CPU.ActiveCfg = Debug|Any CPU
		{F099D6C8-87E2-48A6-98F6-766314228EC6}.Debug|Any CPU.Build.0 = Debug|Any CPU
		{F099D6C8-87E2-48A6-98F6-766314228EC6}.Release|Any CPU.ActiveCfg = Release|Any CPU
		{F099D6C8-87E2-48A6-98F6-766314228EC6}.Release|Any CPU.Build.0 = Release|Any CPU
		{EA1E8202-8617-487A-A85F-6FF87521D782}.Debug|Any CPU.ActiveCfg = Debug|Any CPU
		{EA1E8202-8617-487A-A85F-6FF87521D782}.Debug|Any CPU.Build.0 = Debug|Any CPU
		{EA1E8202-8617-487A-A85F-6FF87521D782}.Release|Any CPU.ActiveCfg = Release|Any CPU
		{EA1E8202-8617-487A-A85F-6FF87521D782}.Release|Any CPU.Build.0 = Release|Any CPU
		{0D5E7F70-95D8-4DF5-8B0B-B98B71DB4500}.Debug|Any CPU.ActiveCfg = Debug|Any CPU
		{0D5E7F70-95D8-4DF5-8B0B-B98B71DB4500}.Debug|Any CPU.Build.0 = Debug|Any CPU
		{0D5E7F70-95D8-4DF5-8B0B-B98B71DB4500}.Release|Any CPU.ActiveCfg = Release|Any CPU
		{0D5E7F70-95D8-4DF5-8B0B-B98B71DB4500}.Release|Any CPU.Build.0 = Release|Any CPU
		{F3A4B96E-C133-491E-85E9-64DA71B63896}.Debug|Any CPU.ActiveCfg = Debug|Any CPU
		{F3A4B96E-C133-491E-85E9-64DA71B63896}.Debug|Any CPU.Build.0 = Debug|Any CPU
		{F3A4B96E-C133-491E-85E9-64DA71B63896}.Release|Any CPU.ActiveCfg = Release|Any CPU
		{F3A4B96E-C133-491E-85E9-64DA71B63896}.Release|Any CPU.Build.0 = Release|Any CPU
		{14525035-F44A-43C7-8DCB-FF8C35E58442}.Debug|Any CPU.ActiveCfg = Debug|Any CPU
		{14525035-F44A-43C7-8DCB-FF8C35E58442}.Debug|Any CPU.Build.0 = Debug|Any CPU
		{14525035-F44A-43C7-8DCB-FF8C35E58442}.Release|Any CPU.ActiveCfg = Release|Any CPU
		{14525035-F44A-43C7-8DCB-FF8C35E58442}.Release|Any CPU.Build.0 = Release|Any CPU
		{F8C51A13-F5C1-4588-BA71-27E4379F293E}.Debug|Any CPU.ActiveCfg = Debug|Any CPU
		{F8C51A13-F5C1-4588-BA71-27E4379F293E}.Debug|Any CPU.Build.0 = Debug|Any CPU
		{F8C51A13-F5C1-4588-BA71-27E4379F293E}.Release|Any CPU.ActiveCfg = Release|Any CPU
		{F8C51A13-F5C1-4588-BA71-27E4379F293E}.Release|Any CPU.Build.0 = Release|Any CPU
		{F05F25CB-7DF6-4401-84DC-73818799976A}.Debug|Any CPU.ActiveCfg = Debug|Any CPU
		{F05F25CB-7DF6-4401-84DC-73818799976A}.Debug|Any CPU.Build.0 = Debug|Any CPU
		{F05F25CB-7DF6-4401-84DC-73818799976A}.Release|Any CPU.ActiveCfg = Release|Any CPU
		{F05F25CB-7DF6-4401-84DC-73818799976A}.Release|Any CPU.Build.0 = Release|Any CPU
		{9A27245E-EE83-432C-A319-014EC128A2EE}.Debug|Any CPU.ActiveCfg = Debug|Any CPU
		{9A27245E-EE83-432C-A319-014EC128A2EE}.Debug|Any CPU.Build.0 = Debug|Any CPU
		{9A27245E-EE83-432C-A319-014EC128A2EE}.Release|Any CPU.ActiveCfg = Release|Any CPU
		{9A27245E-EE83-432C-A319-014EC128A2EE}.Release|Any CPU.Build.0 = Release|Any CPU
		{8664C89D-F95E-4310-B415-9736BEF6908F}.Debug|Any CPU.ActiveCfg = Debug|Any CPU
		{8664C89D-F95E-4310-B415-9736BEF6908F}.Debug|Any CPU.Build.0 = Debug|Any CPU
		{8664C89D-F95E-4310-B415-9736BEF6908F}.Release|Any CPU.ActiveCfg = Release|Any CPU
		{8664C89D-F95E-4310-B415-9736BEF6908F}.Release|Any CPU.Build.0 = Release|Any CPU
	EndGlobalSection
	GlobalSection(SolutionProperties) = preSolution
		HideSolutionNode = FALSE
	EndGlobalSection
	GlobalSection(NestedProjects) = preSolution
		{D49762DB-2A2D-444D-B2B3-B89C84F7BF26} = {ED581DFC-043A-48DD-B3B9-4771C07BE8C1}
		{ACD8B3D2-29E4-42A9-B18E-7B39DE71EB67} = {ED581DFC-043A-48DD-B3B9-4771C07BE8C1}
		{6C0A554F-503F-4E4B-ADC0-8B6D491FA8F1} = {ED581DFC-043A-48DD-B3B9-4771C07BE8C1}
		{35773936-0506-4F84-9FDE-E69BBBD0BC47} = {5C50B11D-BD90-49D1-B8E1-EAB9D9332ECF}
		{86206CD6-8895-43D0-8B5C-2E1F17C4778A} = {5C50B11D-BD90-49D1-B8E1-EAB9D9332ECF}
		{97203CE9-BF82-4305-BD25-2545A592DF8A} = {5C50B11D-BD90-49D1-B8E1-EAB9D9332ECF}
		{F099D6C8-87E2-48A6-98F6-766314228EC6} = {5C50B11D-BD90-49D1-B8E1-EAB9D9332ECF}
		{38649155-5330-4399-8628-F6D2E1B9FB9B} = {B8D1F997-F5BD-439F-ACDC-C548BA46C4D8}
		{3F72F996-FEAB-413F-9127-EBA177C636E4} = {B8D1F997-F5BD-439F-ACDC-C548BA46C4D8}
		{EA1E8202-8617-487A-A85F-6FF87521D782} = {3F72F996-FEAB-413F-9127-EBA177C636E4}
		{0D5E7F70-95D8-4DF5-8B0B-B98B71DB4500} = {3F72F996-FEAB-413F-9127-EBA177C636E4}
		{F3A4B96E-C133-491E-85E9-64DA71B63896} = {38649155-5330-4399-8628-F6D2E1B9FB9B}
		{14525035-F44A-43C7-8DCB-FF8C35E58442} = {38649155-5330-4399-8628-F6D2E1B9FB9B}
		{F8C51A13-F5C1-4588-BA71-27E4379F293E} = {326C2E52-4EDD-486F-921C-327B3C8CF48A}
		{F05F25CB-7DF6-4401-84DC-73818799976A} = {326C2E52-4EDD-486F-921C-327B3C8CF48A}
		{9A27245E-EE83-432C-A319-014EC128A2EE} = {326C2E52-4EDD-486F-921C-327B3C8CF48A}
		{8664C89D-F95E-4310-B415-9736BEF6908F} = {326C2E52-4EDD-486F-921C-327B3C8CF48A}
	EndGlobalSection
	GlobalSection(ExtensibilityGlobals) = postSolution
		SolutionGuid = {CAFD9A86-9439-4DE8-89E5-367A0465A8E0}
	EndGlobalSection
EndGlobal
